{
  "name": "split-diff",
  "version": "1.6.1",
  "lockfileVersion": 1,
  "requires": true,
  "dependencies": {
    "diff": {
      "version": "4.0.1",
      "resolved": "https://registry.npmjs.org/diff/-/diff-4.0.1.tgz",
      "integrity": "sha512-s2+XdvhPCOF01LRQBC8hf4vhbVmI2CGS5aZnxLJlT5FtdhPCDFq80q++zK2KlrVorVDdL5BOGZ/VfLrVtYNF+Q=="
    }
  }
}
